# Auto-generated by mcpp. Do not edit by hand.
# Records what this build resolved. It does not yet pin future builds:
# index dependencies are re-resolved from their constraints each time.
# dev-dependencies are excluded: only `mcpp test` resolves them, and this
# file must not change depending on which command ran last.
version = 2

[package."compat.vulkan"]
namespace = "compat"
version = "1.4.357.0"
source  = "index+compat@1.4.357.0"
hash    = "fnv1a:4b11a70acde14a9e"

[package."compat.vulkan-headers"]
namespace = "compat"
version = "1.4.357.0"
source  = "index+compat@1.4.357.0"
hash    = "fnv1a:9261f37905215b78"

[package."compat.vulkan-runtime"]
namespace = "compat"
version = "2026.07.29"
source  = "index+compat@2026.07.29"
hash    = "fnv1a:a7daa5cf96a30fe6"

[package."compat.x11"]
namespace = "compat"
version = "1.8.13"
source  = "index+compat@1.8.13"
hash    = "fnv1a:f2208fbdecbd67e3"

[package."compat.xau"]
namespace = "compat"
version = "1.0.12"
source  = "index+compat@1.0.12"
hash    = "fnv1a:62167ef821a42a07"

[package."compat.xcb"]
namespace = "compat"
version = "1.17.0"
source  = "index+compat@1.17.0"
hash    = "fnv1a:683e5d9f1b4ca3cb"

[package."compat.xcb-proto"]
namespace = "compat"
version = "1.17.0"
source  = "index+compat@1.17.0"
hash    = "fnv1a:a5ed9c026c060332"

[package."compat.xdmcp"]
namespace = "compat"
version = "1.1.5"
source  = "index+compat@1.1.5"
hash    = "fnv1a:b0f0a73de4cb877b"

[package."compat.xorgproto"]
namespace = "compat"
version = "2025.1"
source  = "index+compat@2025.1"
hash    = "fnv1a:5e6da43addccb21e"

[package."compat.xtrans"]
namespace = "compat"
version = "1.6.0"
source  = "index+compat@1.6.0"
hash    = "fnv1a:415789d6fb481fdf"

